
Microsoft Visual Studio Solution File, Format Version 12.00
# Visual Studio Version 17
VisualStudioVersion = 17.11.35327.3
MinimumVisualStudioVersion = 10.0.40219.1
Project("{FAE04EC0-301F-11D3-BF4B-00C04F79EFBC}") = "logica03", "logica03.csproj", "{2847E965-58F0-49F8-A8DD-3DE955336BDD}"
EndProject
Global
	GlobalSection(SolutionConfigurationPlatforms) = preSolution
		Debug|Any CPU = Debug|Any CPU
		Release|Any CPU = Release|Any CPU
	EndGlobalSection
	GlobalSection(ProjectConfigurationPlatforms) = postSolution
		{2847E965-58F0-49F8-A8DD-3DE955336BDD}.Debug|Any CPU.ActiveCfg = Debug|Any CPU
		{2847E965-58F0-49F8-A8DD-3DE955336BDD}.Debug|Any CPU.Build.0 = Debug|Any CPU
		{2847E965-58F0-49F8-A8DD-3DE955336BDD}.Release|Any CPU.ActiveCfg = Release|Any CPU
		{2847E965-58F0-49F8-A8DD-3DE955336BDD}.Release|Any CPU.Build.0 = Release|Any CPU
	EndGlobalSection
	GlobalSection(SolutionProperties) = preSolution
		HideSolutionNode = FALSE
	EndGlobalSection
	GlobalSection(ExtensibilityGlobals) = postSolution
		SolutionGuid = {1116A5E3-5F0E-4AD0-9E95-352744434217}
	EndGlobalSection
EndGlobal
