
Microsoft Visual Studio Solution File, Format Version 12.00
# Visual Studio Version 17
VisualStudioVersion = 17.11.35327.3
MinimumVisualStudioVersion = 10.0.40219.1
Project("{FAE04EC0-301F-11D3-BF4B-00C04F79EFBC}") = "exercicio01", "exercicio01.csproj", "{70D868AF-B99E-42FB-8D89-7F267D7452C8}"
EndProject
Project("{FAE04EC0-301F-11D3-BF4B-00C04F79EFBC}") = "exercicio02", "..\exercicio02\exercicio02.csproj", "{854E977E-3844-4DDF-A8AC-AFF4A972B6A8}"
EndProject
Global
	GlobalSection(SolutionConfigurationPlatforms) = preSolution
		Debug|Any CPU = Debug|Any CPU
		Release|Any CPU = Release|Any CPU
	EndGlobalSection
	GlobalSection(ProjectConfigurationPlatforms) = postSolution
		{70D868AF-B99E-42FB-8D89-7F267D7452C8}.Debug|Any CPU.ActiveCfg = Debug|Any CPU
		{70D868AF-B99E-42FB-8D89-7F267D7452C8}.Debug|Any CPU.Build.0 = Debug|Any CPU
		{70D868AF-B99E-42FB-8D89-7F267D7452C8}.Release|Any CPU.ActiveCfg = Release|Any CPU
		{70D868AF-B99E-42FB-8D89-7F267D7452C8}.Release|Any CPU.Build.0 = Release|Any CPU
		{854E977E-3844-4DDF-A8AC-AFF4A972B6A8}.Debug|Any CPU.ActiveCfg = Debug|Any CPU
		{854E977E-3844-4DDF-A8AC-AFF4A972B6A8}.Debug|Any CPU.Build.0 = Debug|Any CPU
		{854E977E-3844-4DDF-A8AC-AFF4A972B6A8}.Release|Any CPU.ActiveCfg = Release|Any CPU
		{854E977E-3844-4DDF-A8AC-AFF4A972B6A8}.Release|Any CPU.Build.0 = Release|Any CPU
	EndGlobalSection
	GlobalSection(SolutionProperties) = preSolution
		HideSolutionNode = FALSE
	EndGlobalSection
	GlobalSection(ExtensibilityGlobals) = postSolution
		SolutionGuid = {CD2A15F5-CBC8-4590-B641-D6113950C414}
	EndGlobalSection
EndGlobal
